
Microsoft Visual Studio Solution File, Format Version 12.00
# Visual Studio Version 17
VisualStudioVersion = 17.11.35327.3
MinimumVisualStudioVersion = 10.0.40219.1
Project("{FAE04EC0-301F-11D3-BF4B-00C04F79EFBC}") = "WebSocket_Demo", "WebSocket_Demo.csproj", "{ADAFC5D7-86A2-4C9E-909F-5ABE2AFB80FF}"
EndProject
Global
	GlobalSection(SolutionConfigurationPlatforms) = preSolution
		Debug|Any CPU = Debug|Any CPU
		Release|Any CPU = Release|Any CPU
	EndGlobalSection
	GlobalSection(ProjectConfigurationPlatforms) = postSolution
		{ADAFC5D7-86A2-4C9E-909F-5ABE2AFB80FF}.Debug|Any CPU.ActiveCfg = Debug|Any CPU
		{ADAFC5D7-86A2-4C9E-909F-5ABE2AFB80FF}.Debug|Any CPU.Build.0 = Debug|Any CPU
		{ADAFC5D7-86A2-4C9E-909F-5ABE2AFB80FF}.Release|Any CPU.ActiveCfg = Release|Any CPU
		{ADAFC5D7-86A2-4C9E-909F-5ABE2AFB80FF}.Release|Any CPU.Build.0 = Release|Any CPU
	EndGlobalSection
	GlobalSection(SolutionProperties) = preSolution
		HideSolutionNode = FALSE
	EndGlobalSection
	GlobalSection(ExtensibilityGlobals) = postSolution
		SolutionGuid = {A2EB6DE0-7FFD-4458-A2F9-C5AD93DEE24B}
	EndGlobalSection
EndGlobal
